
Microsoft Visual Studio Solution File, Format Version 12.00
# Visual Studio Version 17
VisualStudioVersion = 17.4.33213.308
MinimumVisualStudioVersion = 10.0.40219.1
Project("{9A19103F-16F7-4668-BE54-9A1E7A4F7556}") = "Lesson1", "Lesson1\Lesson1.csproj", "{60D4F169-95A4-461B-9D22-A2D35D3E6597}"
EndProject
Project("{9A19103F-16F7-4668-BE54-9A1E7A4F7556}") = "Lesson2", "Lesson2\Lesson2.csproj", "{4663D465-5A59-4DA1-8815-84AC1F4FB6EC}"
EndProject
Project("{9A19103F-16F7-4668-BE54-9A1E7A4F7556}") = "Lesson3.1(if)", "Lesson3.1(if)\Lesson3.1(if).csproj", "{6378C49F-B101-447F-AEA7-E5CD675EE484}"
EndProject
Project("{9A19103F-16F7-4668-BE54-9A1E7A4F7556}") = "Lesson3.2(switch)", "Lesson3.2(switch)\Lesson3.2(switch).csproj", "{C5DF7D7E-1FB5-48EB-8449-40FF70335594}"
EndProject
Project("{9A19103F-16F7-4668-BE54-9A1E7A4F7556}") = "Lesson3.3(ternary)", "Lesson3.3(ternary)\Lesson3.3(ternary).csproj", "{7A6E94C3-832D-4CAC-BBC7-3A0318DD9931}"
EndProject
Project("{9A19103F-16F7-4668-BE54-9A1E7A4F7556}") = "Lesson4", "Lesson4\Lesson4.csproj", "{0CD63BF7-181F-424E-8795-D7FFAB14A2ED}"
EndProject
Project("{9A19103F-16F7-4668-BE54-9A1E7A4F7556}") = "Lesson5", "Lesson5\Lesson5.csproj", "{E9734AAF-D56E-4847-A55D-3BBEC4FCDC9D}"
EndProject
Project("{9A19103F-16F7-4668-BE54-9A1E7A4F7556}") = "Lesson6", "Lesson6\Lesson6.csproj", "{E74258D3-DC64-4693-A2F1-FF8382C24A8F}"
EndProject
Project("{9A19103F-16F7-4668-BE54-9A1E7A4F7556}") = "Lesson7", "Lesson7\Lesson7.csproj", "{9F3A7E1B-5E92-4FA7-8C15-129771663C12}"
EndProject
Project("{9A19103F-16F7-4668-BE54-9A1E7A4F7556}") = "Lesson8", "Lesson8\Lesson8.csproj", "{A7D19161-DF3E-4532-B1BE-9C5526E8CDC5}"
EndProject
Project("{FAE04EC0-301F-11D3-BF4B-00C04F79EFBC}") = "Lesson9", "Lesson9\Lesson9.csproj", "{F0B3667A-F083-49E0-802E-D2463AF451A2}"
EndProject
Project("{FAE04EC0-301F-11D3-BF4B-00C04F79EFBC}") = "ConsoleApp1", "ConsoleApp1\ConsoleApp1.csproj", "{992F6F12-F51C-4514-BC5E-CDA45DEA9D0D}"
EndProject
Global
	GlobalSection(SolutionConfigurationPlatforms) = preSolution
		Debug|Any CPU = Debug|Any CPU
		Release|Any CPU = Release|Any CPU
	EndGlobalSection
	GlobalSection(ProjectConfigurationPlatforms) = postSolution
		{60D4F169-95A4-461B-9D22-A2D35D3E6597}.Debug|Any CPU.ActiveCfg = Debug|Any CPU
		{60D4F169-95A4-461B-9D22-A2D35D3E6597}.Debug|Any CPU.Build.0 = Debug|Any CPU
		{60D4F169-95A4-461B-9D22-A2D35D3E6597}.Release|Any CPU.ActiveCfg = Release|Any CPU
		{60D4F169-95A4-461B-9D22-A2D35D3E6597}.Release|Any CPU.Build.0 = Release|Any CPU
		{4663D465-5A59-4DA1-8815-84AC1F4FB6EC}.Debug|Any CPU.ActiveCfg = Debug|Any CPU
		{4663D465-5A59-4DA1-8815-84AC1F4FB6EC}.Debug|Any CPU.Build.0 = Debug|Any CPU
		{4663D465-5A59-4DA1-8815-84AC1F4FB6EC}.Release|Any CPU.ActiveCfg = Release|Any CPU
		{4663D465-5A59-4DA1-8815-84AC1F4FB6EC}.Release|Any CPU.Build.0 = Release|Any CPU
		{6378C49F-B101-447F-AEA7-E5CD675EE484}.Debug|Any CPU.ActiveCfg = Debug|Any CPU
		{6378C49F-B101-447F-AEA7-E5CD675EE484}.Debug|Any CPU.Build.0 = Debug|Any CPU
		{6378C49F-B101-447F-AEA7-E5CD675EE484}.Release|Any CPU.ActiveCfg = Release|Any CPU
		{6378C49F-B101-447F-AEA7-E5CD675EE484}.Release|Any CPU.Build.0 = Release|Any CPU
		{C5DF7D7E-1FB5-48EB-8449-40FF70335594}.Debug|Any CPU.ActiveCfg = Debug|Any CPU
		{C5DF7D7E-1FB5-48EB-8449-40FF70335594}.Debug|Any CPU.Build.0 = Debug|Any CPU
		{C5DF7D7E-1FB5-48EB-8449-40FF70335594}.Release|Any CPU.ActiveCfg = Release|Any CPU
		{C5DF7D7E-1FB5-48EB-8449-40FF70335594}.Release|Any CPU.Build.0 = Release|Any CPU
		{7A6E94C3-832D-4CAC-BBC7-3A0318DD9931}.Debug|Any CPU.ActiveCfg = Debug|Any CPU
		{7A6E94C3-832D-4CAC-BBC7-3A0318DD9931}.Debug|Any CPU.Build.0 = Debug|Any CPU
		{7A6E94C3-832D-4CAC-BBC7-3A0318DD9931}.Release|Any CPU.ActiveCfg = Release|Any CPU
		{7A6E94C3-832D-4CAC-BBC7-3A0318DD9931}.Release|Any CPU.Build.0 = Release|Any CPU
		{0CD63BF7-181F-424E-8795-D7FFAB14A2ED}.Debug|Any CPU.ActiveCfg = Debug|Any CPU
		{0CD63BF7-181F-424E-8795-D7FFAB14A2ED}.Debug|Any CPU.Build.0 = Debug|Any CPU
		{0CD63BF7-181F-424E-8795-D7FFAB14A2ED}.Release|Any CPU.ActiveCfg = Release|Any CPU
		{0CD63BF7-181F-424E-8795-D7FFAB14A2ED}.Release|Any CPU.Build.0 = Release|Any CPU
		{E9734AAF-D56E-4847-A55D-3BBEC4FCDC9D}.Debug|Any CPU.ActiveCfg = Debug|Any CPU
		{E9734AAF-D56E-4847-A55D-3BBEC4FCDC9D}.Debug|Any CPU.Build.0 = Debug|Any CPU
		{E9734AAF-D56E-4847-A55D-3BBEC4FCDC9D}.Release|Any CPU.ActiveCfg = Release|Any CPU
		{E9734AAF-D56E-4847-A55D-3BBEC4FCDC9D}.Release|Any CPU.Build.0 = Release|Any CPU
		{E74258D3-DC64-4693-A2F1-FF8382C24A8F}.Debug|Any CPU.ActiveCfg = Debug|Any CPU
		{E74258D3-DC64-4693-A2F1-FF8382C24A8F}.Debug|Any CPU.Build.0 = Debug|Any CPU
		{E74258D3-DC64-4693-A2F1-FF8382C24A8F}.Release|Any CPU.ActiveCfg = Release|Any CPU
		{E74258D3-DC64-4693-A2F1-FF8382C24A8F}.Release|Any CPU.Build.0 = Release|Any CPU
		{9F3A7E1B-5E92-4FA7-8C15-129771663C12}.Debug|Any CPU.ActiveCfg = Debug|Any CPU
		{9F3A7E1B-5E92-4FA7-8C15-129771663C12}.Debug|Any CPU.Build.0 = Debug|Any CPU
		{9F3A7E1B-5E92-4FA7-8C15-129771663C12}.Release|Any CPU.ActiveCfg = Release|Any CPU
		{9F3A7E1B-5E92-4FA7-8C15-129771663C12}.Release|Any CPU.Build.0 = Release|Any CPU
		{A7D19161-DF3E-4532-B1BE-9C5526E8CDC5}.Debug|Any CPU.ActiveCfg = Debug|Any CPU
		{A7D19161-DF3E-4532-B1BE-9C5526E8CDC5}.Debug|Any CPU.Build.0 = Debug|Any CPU
		{A7D19161-DF3E-4532-B1BE-9C5526E8CDC5}.Release|Any CPU.ActiveCfg = Release|Any CPU
		{A7D19161-DF3E-4532-B1BE-9C5526E8CDC5}.Release|Any CPU.Build.0 = Release|Any CPU
		{F0B3667A-F083-49E0-802E-D2463AF451A2}.Debug|Any CPU.ActiveCfg = Debug|Any CPU
		{F0B3667A-F083-49E0-802E-D2463AF451A2}.Debug|Any CPU.Build.0 = Debug|Any CPU
		{F0B3667A-F083-49E0-802E-D2463AF451A2}.Release|Any CPU.ActiveCfg = Release|Any CPU
		{F0B3667A-F083-49E0-802E-D2463AF451A2}.Release|Any CPU.Build.0 = Release|Any CPU
		{992F6F12-F51C-4514-BC5E-CDA45DEA9D0D}.Debug|Any CPU.ActiveCfg = Debug|Any CPU
		{992F6F12-F51C-4514-BC5E-CDA45DEA9D0D}.Debug|Any CPU.Build.0 = Debug|Any CPU
		{992F6F12-F51C-4514-BC5E-CDA45DEA9D0D}.Release|Any CPU.ActiveCfg = Release|Any CPU
		{992F6F12-F51C-4514-BC5E-CDA45DEA9D0D}.Release|Any CPU.Build.0 = Release|Any CPU
	EndGlobalSection
	GlobalSection(SolutionProperties) = preSolution
		HideSolutionNode = FALSE
	EndGlobalSection
	GlobalSection(ExtensibilityGlobals) = postSolution
		SolutionGuid = {642EF6DD-5AB4-410F-8961-36B70AA16C6E}
	EndGlobalSection
EndGlobal
